Microsoft Visual Studio Solution File, Format Version 12.00
# Visual Studio 15
VisualStudioVersion = 15.0.28307.168
MinimumVisualStudioVersion = 10.0.40219.1
Project("{D954291E-2A0B-460D-934E-DC6B0785DB48}") = "DataStructures", "DataStructures\DataStructures.shproj", "{1AC43E4C-2BE9-416A-8EE8-F9F5AEF496AD}"
EndProject
Project("{FAE04EC0-301F-11D3-BF4B-00C04F79EFBC}") = "Main", "Main\Main.csproj", "{85D1E1E3-56C2-46EB-B91E-316704DB7892}"
EndProject
Project("{D954291E-2A0B-460D-934E-DC6B0785DB48}") = "Algorithms", "Algorithms\Algorithms.shproj", "{54B38965-7ED6-4EA2-A789-8F00311FC2F4}"
EndProject
Project("{D954291E-2A0B-460D-934E-DC6B0785DB48}") = "LeetCodePractice", "LeetCodePractice\LeetCodePractice.shproj", "{D4612424-6C4E-48B5-8135-046EE4F5AA15}"
EndProject
Project("{D954291E-2A0B-460D-934E-DC6B0785DB48}") = "CareerCup", "CareerCup\CareerCup.shproj", "{67BE07B3-BDB5-4D8F-8B17-B9D7ECD304FA}"
EndProject
Project("{D954291E-2A0B-460D-934E-DC6B0785DB48}") = "HackerRank", "HackerRank\HackerRank.shproj", "{2990CD06-97F6-459C-9F3F-4FA305F3B947}"
EndProject
Project("{D954291E-2A0B-460D-934E-DC6B0785DB48}") = "CodeChef", "CodeChef\CodeChef.shproj", "{8BB287C6-767C-4325-A3E4-D1155FC6C347}"
EndProject
Global
	GlobalSection(SharedMSBuildProjectFiles) = preSolution
		DataStructures\DataStructures.projitems*{1ac43e4c-2be9-416a-8ee8-f9f5aef496ad}*SharedItemsImports = 13
		HackerRank\HackerRank.projitems*{2990cd06-97f6-459c-9f3f-4fa305f3b947}*SharedItemsImports = 13
		Algorithms\Algorithms.projitems*{54b38965-7ed6-4ea2-a789-8f00311fc2f4}*SharedItemsImports = 13
		CareerCup\CareerCup.projitems*{67be07b3-bdb5-4d8f-8b17-b9d7ecd304fa}*SharedItemsImports = 13
		Algorithms\Algorithms.projitems*{85d1e1e3-56c2-46eb-b91e-316704db7892}*SharedItemsImports = 4
		CareerCup\CareerCup.projitems*{85d1e1e3-56c2-46eb-b91e-316704db7892}*SharedItemsImports = 4
		CodeChef\CodeChef.projitems*{85d1e1e3-56c2-46eb-b91e-316704db7892}*SharedItemsImports = 4
		DataStructures\DataStructures.projitems*{85d1e1e3-56c2-46eb-b91e-316704db7892}*SharedItemsImports = 4
		HackerRank\HackerRank.projitems*{85d1e1e3-56c2-46eb-b91e-316704db7892}*SharedItemsImports = 4
		LeetCodePractice\LeetCodePractice.projitems*{85d1e1e3-56c2-46eb-b91e-316704db7892}*SharedItemsImports = 4
		CodeChef\CodeChef.projitems*{8bb287c6-767c-4325-a3e4-d1155fc6c347}*SharedItemsImports = 13
		LeetCodePractice\LeetCodePractice.projitems*{d4612424-6c4e-48b5-8135-046ee4f5aa15}*SharedItemsImports = 13
	EndGlobalSection
	GlobalSection(SolutionConfigurationPlatforms) = preSolution
		Debug|x86 = Debug|x86
		Release|x86 = Release|x86
	EndGlobalSection
	GlobalSection(ProjectConfigurationPlatforms) = postSolution
		{85D1E1E3-56C2-46EB-B91E-316704DB7892}.Debug|x86.ActiveCfg = Debug|x86
		{85D1E1E3-56C2-46EB-B91E-316704DB7892}.Debug|x86.Build.0 = Debug|x86
		{85D1E1E3-56C2-46EB-B91E-316704DB7892}.Release|x86.ActiveCfg = Release|x86
		{85D1E1E3-56C2-46EB-B91E-316704DB7892}.Release|x86.Build.0 = Release|x86
	EndGlobalSection
	GlobalSection(SolutionProperties) = preSolution
		HideSolutionNode = FALSE
	EndGlobalSection
	GlobalSection(ExtensibilityGlobals) = postSolution
		SolutionGuid = {B1945128-026D-49A6-B9FF-CBAF96587E52}
	EndGlobalSection
EndGlobal
